{
  "name": "sample_threejs",
  "version": "1.0.0",
  "lockfileVersion": 1,
  "requires": true,
  "dependencies": {
    "abab": {
      "version": "2.0.4",
      "resolved": "https://registry.npmjs.org/abab/-/abab-2.0.4.tgz",
      "integrity": "sha512-Eu9ELJWCz/c1e9gTiCY+FceWxcqzjYEbqMgtndnuSqZSUCOL73TWNK2mHfIj4Cw2E/ongOp+JISVNCmovt2KYQ=="
    },
    "regenerator-runtime": {
      "version": "0.13.7",
      "resolved": "https://registry.npmjs.org/regenerator-runtime/-/regenerator-runtime-0.13.7.tgz",
      "integrity": "sha512-a54FxoJDIr27pgf7IgeQGxmqUNYrcV338lf/6gH456HZ/PhX+5BcwHXG9ajESmwe6WRO0tAzRUrRmNONWgkrew=="
    },
    "threejs-miniprogram": {
      "version": "0.0.4",
      "resolved": "https://registry.npmjs.org/threejs-miniprogram/-/threejs-miniprogram-0.0.4.tgz",
      "integrity": "sha512-nd2vVRn0+cFHr79wl4qYF9BxFsBDMFcYa8kIualL+7f2OH8JxTBxkPOV2IqzabW3x+lwHo4hwG4lcKMPet/8Yg==",
      "requires": {
        "abab": "^2.0.3"
      }
    }
  }
}
